Microsoft Visual Studio Solution File, Format Version 12.00
# Visual Studio Version 17
VisualStudioVersion = 17.9.34310.174
MinimumVisualStudioVersion = 10.0.40219.1
Project("{9A19103F-16F7-4668-BE54-9A1E7A4F7556}") = "GagoAspireApp.AppHost", "GagoAspireApp.AppHost\GagoAspireApp.AppHost.csproj", "{7C8BC069-4C61-4E00-941B-EC8F5646171C}"
EndProject
Project("{9A19103F-16F7-4668-BE54-9A1E7A4F7556}") = "GagoAspireApp.ServiceDefaults", "GagoAspireApp.ServiceDefaults\GagoAspireApp.ServiceDefaults.csproj", "{2559052E-429C-445F-A103-D3D0D2B3B912}"
EndProject
Project("{9A19103F-16F7-4668-BE54-9A1E7A4F7556}") = "GagoAspireApp.ApiService", "GagoAspireApp.ApiService\GagoAspireApp.ApiService.csproj", "{EABBAA34-03A9-4F90-A6E7-79C1FE10BC8B}"
EndProject
Project("{9A19103F-16F7-4668-BE54-9A1E7A4F7556}") = "GagoAspireApp.Web", "GagoAspireApp.Web\GagoAspireApp.Web.csproj", "{506B189A-BC29-437C-8DE8-AE3C16A533EC}"
EndProject
Project("{FAE04EC0-301F-11D3-BF4B-00C04F79EFBC}") = "GagoAspireApp.Architecture", "GagoAspireApp.Architecture\GagoAspireApp.Architecture.csproj", "{161ACC0A-6EEE-4010-B2D3-994AD929388A}"
EndProject
Project("{FAE04EC0-301F-11D3-BF4B-00C04F79EFBC}") = "GagoAspireApp.AppInit", "GagoAspireApp.AppInit\GagoAspireApp.AppInit.csproj", "{665FFE8C-8E67-4657-B80A-FEFC47D53022}"
EndProject
Global
	GlobalSection(SolutionConfigurationPlatforms) = preSolution
		Debug|Any CPU = Debug|Any CPU
		Release|Any CPU = Release|Any CPU
	EndGlobalSection
	GlobalSection(ProjectConfigurationPlatforms) = postSolution
		{7C8BC069-4C61-4E00-941B-EC8F5646171C}.Debug|Any CPU.ActiveCfg = Debug|Any CPU
		{7C8BC069-4C61-4E00-941B-EC8F5646171C}.Debug|Any CPU.Build.0 = Debug|Any CPU
		{7C8BC069-4C61-4E00-941B-EC8F5646171C}.Release|Any CPU.ActiveCfg = Release|Any CPU
		{7C8BC069-4C61-4E00-941B-EC8F5646171C}.Release|Any CPU.Build.0 = Release|Any CPU
		{2559052E-429C-445F-A103-D3D0D2B3B912}.Debug|Any CPU.ActiveCfg = Debug|Any CPU
		{2559052E-429C-445F-A103-D3D0D2B3B912}.Debug|Any CPU.Build.0 = Debug|Any CPU
		{2559052E-429C-445F-A103-D3D0D2B3B912}.Release|Any CPU.ActiveCfg = Release|Any CPU
		{2559052E-429C-445F-A103-D3D0D2B3B912}.Release|Any CPU.Build.0 = Release|Any CPU
		{EABBAA34-03A9-4F90-A6E7-79C1FE10BC8B}.Debug|Any CPU.ActiveCfg = Debug|Any CPU
		{EABBAA34-03A9-4F90-A6E7-79C1FE10BC8B}.Debug|Any CPU.Build.0 = Debug|Any CPU
		{EABBAA34-03A9-4F90-A6E7-79C1FE10BC8B}.Release|Any CPU.ActiveCfg = Release|Any CPU
		{EABBAA34-03A9-4F90-A6E7-79C1FE10BC8B}.Release|Any CPU.Build.0 = Release|Any CPU
		{506B189A-BC29-437C-8DE8-AE3C16A533EC}.Debug|Any CPU.ActiveCfg = Debug|Any CPU
		{506B189A-BC29-437C-8DE8-AE3C16A533EC}.Debug|Any CPU.Build.0 = Debug|Any CPU
		{506B189A-BC29-437C-8DE8-AE3C16A533EC}.Release|Any CPU.ActiveCfg = Release|Any CPU
		{506B189A-BC29-437C-8DE8-AE3C16A533EC}.Release|Any CPU.Build.0 = Release|Any CPU
		{161ACC0A-6EEE-4010-B2D3-994AD929388A}.Debug|Any CPU.ActiveCfg = Debug|Any CPU
		{161ACC0A-6EEE-4010-B2D3-994AD929388A}.Debug|Any CPU.Build.0 = Debug|Any CPU
		{161ACC0A-6EEE-4010-B2D3-994AD929388A}.Release|Any CPU.ActiveCfg = Release|Any CPU
		{161ACC0A-6EEE-4010-B2D3-994AD929388A}.Release|Any CPU.Build.0 = Release|Any CPU
		{665FFE8C-8E67-4657-B80A-FEFC47D53022}.Debug|Any CPU.ActiveCfg = Debug|Any CPU
		{665FFE8C-8E67-4657-B80A-FEFC47D53022}.Debug|Any CPU.Build.0 = Debug|Any CPU
		{665FFE8C-8E67-4657-B80A-FEFC47D53022}.Release|Any CPU.ActiveCfg = Release|Any CPU
		{665FFE8C-8E67-4657-B80A-FEFC47D53022}.Release|Any CPU.Build.0 = Release|Any CPU
	EndGlobalSection
	GlobalSection(SolutionProperties) = preSolution
		HideSolutionNode = FALSE
	EndGlobalSection
	GlobalSection(ExtensibilityGlobals) = postSolution
		SolutionGuid = {15BFB62B-2566-4748-95BA-300E2503F5B5}
	EndGlobalSection
EndGlobal
