Microsoft Visual Studio Solution File, Format Version 12.00
# Visual Studio Version 17
VisualStudioVersion = 17.9.34310.174
MinimumVisualStudioVersion = 10.0.40219.1
Project("{9A19103F-16F7-4668-BE54-9A1E7A4F7556}") = "Oragon.RabbitMQ.Abstractions", "src\Oragon.RabbitMQ.Abstractions\Oragon.RabbitMQ.Abstractions.csproj", "{FED927D0-CF78-4629-8135-2DC185D61D2E}"
EndProject
Project("{9A19103F-16F7-4668-BE54-9A1E7A4F7556}") = "Oragon.RabbitMQ", "src\Oragon.RabbitMQ\Oragon.RabbitMQ.csproj", "{93E485CD-96A0-4389-BF32-D5CF267950C8}"
EndProject
Project("{2150E333-8FDC-42A3-9474-1A3956D46DE8}") = "Core", "Core", "{1E36D008-C06F-4C9A-9712-6F2B3C34B2E6}"
	ProjectSection(SolutionItems) = preProject
		src\Oragon.RabbitMQ.Build.props = src\Oragon.RabbitMQ.Build.props
	EndProjectSection
EndProject
Project("{2150E333-8FDC-42A3-9474-1A3956D46DE8}") = "Samples", "Samples", "{6AAFD3EC-83DD-4D06-AD71-535673D08885}"
EndProject
Project("{2150E333-8FDC-42A3-9474-1A3956D46DE8}") = "Tests", "Tests", "{BA980939-3879-4FB5-98E8-563D3DFE0F45}"
	ProjectSection(SolutionItems) = preProject
		tests\Oragon.RabbitMQ.Tests.props = tests\Oragon.RabbitMQ.Tests.props
	EndProjectSection
EndProject
Project("{9A19103F-16F7-4668-BE54-9A1E7A4F7556}") = "Oragon.RabbitMQ.UnitTests", "tests\Oragon.RabbitMQ.UnitTests\Oragon.RabbitMQ.UnitTests.csproj", "{26FF5258-CF22-415C-A578-FCE3F8B02EF0}"
EndProject
Project("{9A19103F-16F7-4668-BE54-9A1E7A4F7556}") = "Oragon.RabbitMQ.IntegratedTests", "tests\Oragon.RabbitMQ.IntegratedTests\Oragon.RabbitMQ.IntegratedTests.csproj", "{593BE77F-37B8-43EB-99C8-C37FF20AA111}"
EndProject
Project("{2150E333-8FDC-42A3-9474-1A3956D46DE8}") = "_", "_", "{7F63D8A9-AB50-4B01-914F-E2B1563249DA}"
EndProject
Project("{9A19103F-16F7-4668-BE54-9A1E7A4F7556}") = "Oragon.RabbitMQ.Serializer.NewtonsoftJson", "src\Oragon.RabbitMQ.Serializer.NewtonsoftJson\Oragon.RabbitMQ.Serializer.NewtonsoftJson.csproj", "{539B433C-3A59-4035-ACEC-81124E60FA69}"
EndProject
Project("{9A19103F-16F7-4668-BE54-9A1E7A4F7556}") = "Oragon.RabbitMQ.Serializer.SystemTextJson", "src\Oragon.RabbitMQ.Serializer.SystemTextJson\Oragon.RabbitMQ.Serializer.SystemTextJson.csproj", "{BB40F5FE-54D7-4662-9DCE-FDC2EB7995BF}"
EndProject
Project("{2150E333-8FDC-42A3-9474-1A3956D46DE8}") = "Serializers", "Serializers", "{34C26882-DAE9-4D04-8EAD-506ED87BCFE7}"
EndProject
Project("{2150E333-8FDC-42A3-9474-1A3956D46DE8}") = "Aspire", "Aspire", "{6ACA43BC-6784-47C9-8497-4D46A8761B6B}"
EndProject
Project("{9A19103F-16F7-4668-BE54-9A1E7A4F7556}") = "Oragon.RabbitMQ.TestsExtensions", "tests\Oragon.RabbitMQ.TestsExtensions\Oragon.RabbitMQ.TestsExtensions.csproj", "{B47F1D31-826C-419B-80ED-269B33CCDE0C}"
EndProject
Project("{2150E333-8FDC-42A3-9474-1A3956D46DE8}") = "CI-CD", "CI-CD", "{3EA62AA0-AAA4-4C5A-99B6-C4E33FDB44C6}"
	ProjectSection(SolutionItems) = preProject
		Dockerfile = Dockerfile
		Jenkinsfile = Jenkinsfile
	EndProjectSection
EndProject
Project("{2150E333-8FDC-42A3-9474-1A3956D46DE8}") = "dev", "dev", "{0AAB133F-D71A-4D18-91A2-B0CB93A75C6D}"
	ProjectSection(SolutionItems) = preProject
		.editorconfig = .editorconfig
		.gitattributes = .gitattributes
		.gitignore = .gitignore
		Global.Build.props = Global.Build.props
		nuget.config = nuget.config
		README.md = README.md
	EndProjectSection
EndProject
Project("{9A19103F-16F7-4668-BE54-9A1E7A4F7556}") = "DotNetAspireApp.AppHost", "samples\Aspire\DotNetAspireApp.AppHost\DotNetAspireApp.AppHost.csproj", "{D93EAE7F-DF26-485D-AB9C-E3D075512510}"
EndProject
Project("{9A19103F-16F7-4668-BE54-9A1E7A4F7556}") = "DotNetAspireApp.ServiceDefaults", "samples\Aspire\DotNetAspireApp.ServiceDefaults\DotNetAspireApp.ServiceDefaults.csproj", "{0F8E1BD2-D3E4-4CCC-A80A-32B4D3048B7E}"
EndProject
Project("{9A19103F-16F7-4668-BE54-9A1E7A4F7556}") = "DotNetAspireApp.ApiService", "samples\Aspire\DotNetAspireApp.ApiService\DotNetAspireApp.ApiService.csproj", "{4F637C89-6E54-4C43-87A4-A722861EDD50}"
EndProject
Project("{9A19103F-16F7-4668-BE54-9A1E7A4F7556}") = "DotNetAspireApp.Web", "samples\Aspire\DotNetAspireApp.Web\DotNetAspireApp.Web.csproj", "{F7F65E63-EBE2-4B2B-9AC2-D9952B3236FB}"
EndProject
Project("{9A19103F-16F7-4668-BE54-9A1E7A4F7556}") = "DotNetAspireApp.Worker", "samples\Aspire\DotNetAspireApp.Worker\DotNetAspireApp.Worker.csproj", "{AC19964C-B6ED-4C07-B1F9-4F13DE45528D}"
EndProject
Project("{9A19103F-16F7-4668-BE54-9A1E7A4F7556}") = "DotNetAspireApp.Common", "samples\Aspire\DotNetAspireApp.Common\DotNetAspireApp.Common.csproj", "{38D4D248-D34B-460D-B001-9AC1079CAA7B}"
EndProject
Project("{2150E333-8FDC-42A3-9474-1A3956D46DE8}") = "Hosts", "Hosts", "{D3C46848-BF3F-480C-9312-3F06A2EE5851}"
EndProject
Project("{2150E333-8FDC-42A3-9474-1A3956D46DE8}") = "Core", "Core", "{4A2451D9-5598-4221-B0B7-2C1D70392E57}"
EndProject
Project("{2150E333-8FDC-42A3-9474-1A3956D46DE8}") = "Infra", "Infra", "{6545B0BC-2B1D-4CEF-AF41-1F5581AE50D0}"
EndProject
Project("{FAE04EC0-301F-11D3-BF4B-00C04F79EFBC}") = "Oragon.RabbitMQ.AspireClient", "src\Oragon.RabbitMQ.AspireClient\Oragon.RabbitMQ.AspireClient.csproj", "{A41E03FE-CAC1-47B2-9E5A-F8B81C84D13E}"
EndProject
Global
	GlobalSection(SolutionConfigurationPlatforms) = preSolution
		Debug|Any CPU = Debug|Any CPU
		Release|Any CPU = Release|Any CPU
	EndGlobalSection
	GlobalSection(ProjectConfigurationPlatforms) = postSolution
		{FED927D0-CF78-4629-8135-2DC185D61D2E}.Debug|Any CPU.ActiveCfg = Debug|Any CPU
		{FED927D0-CF78-4629-8135-2DC185D61D2E}.Debug|Any CPU.Build.0 = Debug|Any CPU
		{FED927D0-CF78-4629-8135-2DC185D61D2E}.Release|Any CPU.ActiveCfg = Release|Any CPU
		{FED927D0-CF78-4629-8135-2DC185D61D2E}.Release|Any CPU.Build.0 = Release|Any CPU
		{93E485CD-96A0-4389-BF32-D5CF267950C8}.Debug|Any CPU.ActiveCfg = Debug|Any CPU
		{93E485CD-96A0-4389-BF32-D5CF267950C8}.Debug|Any CPU.Build.0 = Debug|Any CPU
		{93E485CD-96A0-4389-BF32-D5CF267950C8}.Release|Any CPU.ActiveCfg = Release|Any CPU
		{93E485CD-96A0-4389-BF32-D5CF267950C8}.Release|Any CPU.Build.0 = Release|Any CPU
		{26FF5258-CF22-415C-A578-FCE3F8B02EF0}.Debug|Any CPU.ActiveCfg = Debug|Any CPU
		{26FF5258-CF22-415C-A578-FCE3F8B02EF0}.Debug|Any CPU.Build.0 = Debug|Any CPU
		{26FF5258-CF22-415C-A578-FCE3F8B02EF0}.Release|Any CPU.ActiveCfg = Release|Any CPU
		{26FF5258-CF22-415C-A578-FCE3F8B02EF0}.Release|Any CPU.Build.0 = Release|Any CPU
		{593BE77F-37B8-43EB-99C8-C37FF20AA111}.Debug|Any CPU.ActiveCfg = Debug|Any CPU
		{593BE77F-37B8-43EB-99C8-C37FF20AA111}.Debug|Any CPU.Build.0 = Debug|Any CPU
		{593BE77F-37B8-43EB-99C8-C37FF20AA111}.Release|Any CPU.ActiveCfg = Release|Any CPU
		{593BE77F-37B8-43EB-99C8-C37FF20AA111}.Release|Any CPU.Build.0 = Release|Any CPU
		{539B433C-3A59-4035-ACEC-81124E60FA69}.Debug|Any CPU.ActiveCfg = Debug|Any CPU
		{539B433C-3A59-4035-ACEC-81124E60FA69}.Debug|Any CPU.Build.0 = Debug|Any CPU
		{539B433C-3A59-4035-ACEC-81124E60FA69}.Release|Any CPU.ActiveCfg = Release|Any CPU
		{539B433C-3A59-4035-ACEC-81124E60FA69}.Release|Any CPU.Build.0 = Release|Any CPU
		{BB40F5FE-54D7-4662-9DCE-FDC2EB7995BF}.Debug|Any CPU.ActiveCfg = Debug|Any CPU
		{BB40F5FE-54D7-4662-9DCE-FDC2EB7995BF}.Debug|Any CPU.Build.0 = Debug|Any CPU
		{BB40F5FE-54D7-4662-9DCE-FDC2EB7995BF}.Release|Any CPU.ActiveCfg = Release|Any CPU
		{BB40F5FE-54D7-4662-9DCE-FDC2EB7995BF}.Release|Any CPU.Build.0 = Release|Any CPU
		{B47F1D31-826C-419B-80ED-269B33CCDE0C}.Debug|Any CPU.ActiveCfg = Debug|Any CPU
		{B47F1D31-826C-419B-80ED-269B33CCDE0C}.Debug|Any CPU.Build.0 = Debug|Any CPU
		{B47F1D31-826C-419B-80ED-269B33CCDE0C}.Release|Any CPU.ActiveCfg = Release|Any CPU
		{B47F1D31-826C-419B-80ED-269B33CCDE0C}.Release|Any CPU.Build.0 = Release|Any CPU
		{D93EAE7F-DF26-485D-AB9C-E3D075512510}.Debug|Any CPU.ActiveCfg = Debug|Any CPU
		{D93EAE7F-DF26-485D-AB9C-E3D075512510}.Debug|Any CPU.Build.0 = Debug|Any CPU
		{D93EAE7F-DF26-485D-AB9C-E3D075512510}.Release|Any CPU.ActiveCfg = Release|Any CPU
		{D93EAE7F-DF26-485D-AB9C-E3D075512510}.Release|Any CPU.Build.0 = Release|Any CPU
		{0F8E1BD2-D3E4-4CCC-A80A-32B4D3048B7E}.Debug|Any CPU.ActiveCfg = Debug|Any CPU
		{0F8E1BD2-D3E4-4CCC-A80A-32B4D3048B7E}.Debug|Any CPU.Build.0 = Debug|Any CPU
		{0F8E1BD2-D3E4-4CCC-A80A-32B4D3048B7E}.Release|Any CPU.ActiveCfg = Release|Any CPU
		{0F8E1BD2-D3E4-4CCC-A80A-32B4D3048B7E}.Release|Any CPU.Build.0 = Release|Any CPU
		{4F637C89-6E54-4C43-87A4-A722861EDD50}.Debug|Any CPU.ActiveCfg = Debug|Any CPU
		{4F637C89-6E54-4C43-87A4-A722861EDD50}.Debug|Any CPU.Build.0 = Debug|Any CPU
		{4F637C89-6E54-4C43-87A4-A722861EDD50}.Release|Any CPU.ActiveCfg = Release|Any CPU
		{4F637C89-6E54-4C43-87A4-A722861EDD50}.Release|Any CPU.Build.0 = Release|Any CPU
		{F7F65E63-EBE2-4B2B-9AC2-D9952B3236FB}.Debug|Any CPU.ActiveCfg = Debug|Any CPU
		{F7F65E63-EBE2-4B2B-9AC2-D9952B3236FB}.Debug|Any CPU.Build.0 = Debug|Any CPU
		{F7F65E63-EBE2-4B2B-9AC2-D9952B3236FB}.Release|Any CPU.ActiveCfg = Release|Any CPU
		{F7F65E63-EBE2-4B2B-9AC2-D9952B3236FB}.Release|Any CPU.Build.0 = Release|Any CPU
		{AC19964C-B6ED-4C07-B1F9-4F13DE45528D}.Debug|Any CPU.ActiveCfg = Debug|Any CPU
		{AC19964C-B6ED-4C07-B1F9-4F13DE45528D}.Debug|Any CPU.Build.0 = Debug|Any CPU
		{AC19964C-B6ED-4C07-B1F9-4F13DE45528D}.Release|Any CPU.ActiveCfg = Release|Any CPU
		{AC19964C-B6ED-4C07-B1F9-4F13DE45528D}.Release|Any CPU.Build.0 = Release|Any CPU
		{38D4D248-D34B-460D-B001-9AC1079CAA7B}.Debug|Any CPU.ActiveCfg = Debug|Any CPU
		{38D4D248-D34B-460D-B001-9AC1079CAA7B}.Debug|Any CPU.Build.0 = Debug|Any CPU
		{38D4D248-D34B-460D-B001-9AC1079CAA7B}.Release|Any CPU.ActiveCfg = Release|Any CPU
		{38D4D248-D34B-460D-B001-9AC1079CAA7B}.Release|Any CPU.Build.0 = Release|Any CPU
		{A41E03FE-CAC1-47B2-9E5A-F8B81C84D13E}.Debug|Any CPU.ActiveCfg = Debug|Any CPU
		{A41E03FE-CAC1-47B2-9E5A-F8B81C84D13E}.Debug|Any CPU.Build.0 = Debug|Any CPU
		{A41E03FE-CAC1-47B2-9E5A-F8B81C84D13E}.Release|Any CPU.ActiveCfg = Release|Any CPU
		{A41E03FE-CAC1-47B2-9E5A-F8B81C84D13E}.Release|Any CPU.Build.0 = Release|Any CPU
	EndGlobalSection
	GlobalSection(SolutionProperties) = preSolution
		HideSolutionNode = FALSE
	EndGlobalSection
	GlobalSection(NestedProjects) = preSolution
		{FED927D0-CF78-4629-8135-2DC185D61D2E} = {1E36D008-C06F-4C9A-9712-6F2B3C34B2E6}
		{93E485CD-96A0-4389-BF32-D5CF267950C8} = {1E36D008-C06F-4C9A-9712-6F2B3C34B2E6}
		{26FF5258-CF22-415C-A578-FCE3F8B02EF0} = {BA980939-3879-4FB5-98E8-563D3DFE0F45}
		{593BE77F-37B8-43EB-99C8-C37FF20AA111} = {BA980939-3879-4FB5-98E8-563D3DFE0F45}
		{539B433C-3A59-4035-ACEC-81124E60FA69} = {34C26882-DAE9-4D04-8EAD-506ED87BCFE7}
		{BB40F5FE-54D7-4662-9DCE-FDC2EB7995BF} = {34C26882-DAE9-4D04-8EAD-506ED87BCFE7}
		{34C26882-DAE9-4D04-8EAD-506ED87BCFE7} = {1E36D008-C06F-4C9A-9712-6F2B3C34B2E6}
		{6ACA43BC-6784-47C9-8497-4D46A8761B6B} = {6AAFD3EC-83DD-4D06-AD71-535673D08885}
		{B47F1D31-826C-419B-80ED-269B33CCDE0C} = {BA980939-3879-4FB5-98E8-563D3DFE0F45}
		{3EA62AA0-AAA4-4C5A-99B6-C4E33FDB44C6} = {7F63D8A9-AB50-4B01-914F-E2B1563249DA}
		{0AAB133F-D71A-4D18-91A2-B0CB93A75C6D} = {7F63D8A9-AB50-4B01-914F-E2B1563249DA}
		{D93EAE7F-DF26-485D-AB9C-E3D075512510} = {6ACA43BC-6784-47C9-8497-4D46A8761B6B}
		{0F8E1BD2-D3E4-4CCC-A80A-32B4D3048B7E} = {6545B0BC-2B1D-4CEF-AF41-1F5581AE50D0}
		{4F637C89-6E54-4C43-87A4-A722861EDD50} = {D3C46848-BF3F-480C-9312-3F06A2EE5851}
		{F7F65E63-EBE2-4B2B-9AC2-D9952B3236FB} = {D3C46848-BF3F-480C-9312-3F06A2EE5851}
		{AC19964C-B6ED-4C07-B1F9-4F13DE45528D} = {D3C46848-BF3F-480C-9312-3F06A2EE5851}
		{38D4D248-D34B-460D-B001-9AC1079CAA7B} = {4A2451D9-5598-4221-B0B7-2C1D70392E57}
		{D3C46848-BF3F-480C-9312-3F06A2EE5851} = {6ACA43BC-6784-47C9-8497-4D46A8761B6B}
		{4A2451D9-5598-4221-B0B7-2C1D70392E57} = {6ACA43BC-6784-47C9-8497-4D46A8761B6B}
		{6545B0BC-2B1D-4CEF-AF41-1F5581AE50D0} = {6ACA43BC-6784-47C9-8497-4D46A8761B6B}
		{A41E03FE-CAC1-47B2-9E5A-F8B81C84D13E} = {1E36D008-C06F-4C9A-9712-6F2B3C34B2E6}
	EndGlobalSection
	GlobalSection(ExtensibilityGlobals) = postSolution
		SolutionGuid = {15BFB62B-2566-4748-95BA-300E2503F5B5}
	EndGlobalSection
EndGlobal
