
Microsoft Visual Studio Solution File, Format Version 12.00
# Visual Studio Version 17
VisualStudioVersion = 17.11.34929.205
MinimumVisualStudioVersion = 10.0.40219.1
Project("{FAE04EC0-301F-11D3-BF4B-00C04F79EFBC}") = "DotNetConsumerApp", "DotNetConsumerApp\DotNetConsumerApp.csproj", "{2DD4F7D3-94EB-4A41-B8F3-7DE57DAA7468}"
EndProject
Project("{E53339B2-1760-4266-BCC7-CA923CBCF16C}") = "docker-compose", "docker-compose.dcproj", "{5637EE9E-CA85-43BF-B399-8CCB170519EA}"
EndProject
Global
	GlobalSection(SolutionConfigurationPlatforms) = preSolution
		Debug|Any CPU = Debug|Any CPU
		Release|Any CPU = Release|Any CPU
	EndGlobalSection
	GlobalSection(ProjectConfigurationPlatforms) = postSolution
		{2DD4F7D3-94EB-4A41-B8F3-7DE57DAA7468}.Debug|Any CPU.ActiveCfg = Debug|Any CPU
		{2DD4F7D3-94EB-4A41-B8F3-7DE57DAA7468}.Debug|Any CPU.Build.0 = Debug|Any CPU
		{2DD4F7D3-94EB-4A41-B8F3-7DE57DAA7468}.Release|Any CPU.ActiveCfg = Release|Any CPU
		{2DD4F7D3-94EB-4A41-B8F3-7DE57DAA7468}.Release|Any CPU.Build.0 = Release|Any CPU
		{5637EE9E-CA85-43BF-B399-8CCB170519EA}.Debug|Any CPU.ActiveCfg = Debug|Any CPU
		{5637EE9E-CA85-43BF-B399-8CCB170519EA}.Debug|Any CPU.Build.0 = Debug|Any CPU
		{5637EE9E-CA85-43BF-B399-8CCB170519EA}.Release|Any CPU.ActiveCfg = Release|Any CPU
		{5637EE9E-CA85-43BF-B399-8CCB170519EA}.Release|Any CPU.Build.0 = Release|Any CPU
	EndGlobalSection
	GlobalSection(SolutionProperties) = preSolution
		HideSolutionNode = FALSE
	EndGlobalSection
	GlobalSection(ExtensibilityGlobals) = postSolution
		SolutionGuid = {AE354DB1-39EA-47E7-B3CA-E0D305B45547}
	EndGlobalSection
EndGlobal
